# THIS IS AN AUTOGENERATED FILE. DO NOT EDIT THIS FILE DIRECTLY.
# yarn lockfile v1


"@types/node@^10.7.0":
  version "10.7.0"
  resolved "https://registry.yarnpkg.com/@types/node/-/node-10.7.0.tgz#d384b2c8625414ab2aa18fdf989c288d6a7a8202"

typescript@^3.0.1:
  version "3.0.1"
  resolved "https://registry.yarnpkg.com/typescript/-/typescript-3.0.1.tgz#43738f29585d3a87575520a4b93ab6026ef11fdb"
